{
	"name": "ytdl-test",
	"version": "1.0.0",
	"lockfileVersion": 2,
	"requires": true,
	"packages": {
		"": {
			"name": "ytdl-test",
			"version": "1.0.0",
			"license": "ISC",
			"dependencies": {
				"range-parser": "^1.2.1",
				"youtubei.js": "^1.2.7",
				"ytcog": "^2.1.2",
				"ytdl-core": "^4.9.1"
			},
			"engines": {
				"node": "14"
			}
		},
		"node_modules/@derhuerst/http-basic": {
			"version": "8.2.1",
			"resolved": "https://rg.cnpmjs.org/@derhuerst/http-basic/download/@derhuerst/http-basic-8.2.1.tgz",
			"integrity": "sha1-EeOWTPHy+0CAb5oP/wxFG7dSYJM=",
			"dependencies": {
				"caseless": "^0.12.0",
				"concat-stream": "^1.6.2",
				"http-response-object": "^3.0.1",
				"parse-cache-control": "^1.0.1"
			},
			"engines": {
				"node": ">=6.0.0"
			}
		},
		"node_modules/@types/node": {
			"version": "10.17.60",
			"resolved": "https://rg.cnpmjs.org/@types/node/download/@types/node-10.17.60.tgz",
			"integrity": "sha1-NfPWIT2u2V2n8Pc+dbzGmA6QWXs="
		},
		"node_modules/agent-base": {
			"version": "6.0.2",
			"resolved": "https://rg.cnpmjs.org/agent-base/download/agent-base-6.0.2.tgz",
			"integrity": "sha1-Sf/1hXfP7j83F2/qtMIuAPhtf3c=",
			"dependencies": {
				"debug": "4"
			},
			"engines": {
				"node": ">= 6.0.0"
			}
		},
		"node_modules/axios": {
			"version": "0.21.4",
			"resolved": "https://registry.npmjs.org/axios/-/axios-0.21.4.tgz",
			"integrity": "sha512-ut5vewkiu8jjGBdqpM44XxjuCjq9LAKeHVmoVfHVzy8eHgxxq8SbAVQNovDA8mVi05kP0Ea/n/UzcSHcTJQfNg==",
			"dependencies": {
				"follow-redirects": "^1.14.0"
			}
		},
		"node_modules/buffer-from": {
			"version": "1.1.2",
			"resolved": "https://rg.cnpmjs.org/buffer-from/download/buffer-from-1.1.2.tgz",
			"integrity": "sha1-KxRqb9cugLT1XSVfNe1Zo6mkG9U="
		},
		"node_modules/caseless": {
			"version": "0.12.0",
			"resolved": "https://rg.cnpmjs.org/caseless/download/caseless-0.12.0.tgz",
			"integrity": "sha1-G2gcIf+EAzyCZUMJBolCDRhxUdw="
		},
		"node_modules/concat-stream": {
			"version": "1.6.2",
			"resolved": "https://rg.cnpmjs.org/concat-stream/download/concat-stream-1.6.2.tgz",
			"integrity": "sha1-kEvfGUzTEi/Gdcd/xKw9T/D9GjQ=",
			"engines": [
				"node >= 0.8"
			],
			"dependencies": {
				"buffer-from": "^1.0.0",
				"inherits": "^2.0.3",
				"readable-stream": "^2.2.2",
				"typedarray": "^0.0.6"
			}
		},
		"node_modules/core-util-is": {
			"version": "1.0.3",
			"resolved": "https://rg.cnpmjs.org/core-util-is/download/core-util-is-1.0.3.tgz",
			"integrity": "sha1-pgQtNjTCsn6TKPg3uWX6yDgI24U="
		},
		"node_modules/debug": {
			"version": "4.3.3",
			"resolved": "https://rg.cnpmjs.org/debug/download/debug-4.3.3.tgz",
			"integrity": "sha512-/zxw5+vh1Tfv+4Qn7a5nsbcJKPaSvCDhojn6FEl9vupwK2VCSDtEiEtqr8DFtzYFOdz63LBkxec7DYuc2jon6Q==",
			"dependencies": {
				"ms": "2.1.2"
			},
			"engines": {
				"node": ">=6.0"
			},
			"peerDependenciesMeta": {
				"supports-color": {
					"optional": true
				}
			}
		},
		"node_modules/detect-indent": {
			"version": "6.0.0",
			"resolved": "https://registry.npmjs.org/detect-indent/-/detect-indent-6.0.0.tgz",
			"integrity": "sha512-oSyFlqaTHCItVRGK5RmrmjB+CmaMOW7IaNA/kdxqhoa6d17j/5ce9O9eWXmV/KEdRwqpQA+Vqe8a8Bsybu4YnA==",
			"engines": {
				"node": ">=8"
			}
		},
		"node_modules/docopt": {
			"version": "0.6.2",
			"resolved": "https://registry.npmjs.org/docopt/-/docopt-0.6.2.tgz",
			"integrity": "sha1-so6eIiDaXsSffqW7JKR3h0Be6xE=",
			"engines": {
				"node": ">=0.10.0"
			}
		},
		"node_modules/dot-json": {
			"version": "1.2.2",
			"resolved": "https://registry.npmjs.org/dot-json/-/dot-json-1.2.2.tgz",
			"integrity": "sha512-AKL+GsO4wSEU4LU+fAk/PqN4nQ6PB1vT3HpMiZous9xCzK5S0kh4DzfUY0EfU67jsIXLlu0ty71659N9Nmg+Tw==",
			"dependencies": {
				"detect-indent": "~6.0.0",
				"docopt": "~0.6.2",
				"underscore-keypath": "~0.0.22"
			},
			"bin": {
				"dot-json": "bin/dot-json.js"
			}
		},
		"node_modules/env-paths": {
			"version": "2.2.1",
			"resolved": "https://rg.cnpmjs.org/env-paths/download/env-paths-2.2.1.tgz",
			"integrity": "sha1-QgOZ1BbOH76bwKB8Yvpo1n/Q+PI=",
			"engines": {
				"node": ">=6"
			}
		},
		"node_modules/ffmpeg-static": {
			"version": "4.4.0",
			"resolved": "https://rg.cnpmjs.org/ffmpeg-static/download/ffmpeg-static-4.4.0.tgz",
			"integrity": "sha1-VvH7/12/0z42jOMJMzyMEv/a+3c=",
			"dependencies": {
				"@derhuerst/http-basic": "^8.2.0",
				"env-paths": "^2.2.0",
				"https-proxy-agent": "^5.0.0",
				"progress": "^2.0.3"
			},
			"engines": {
				"node": ">=10"
			}
		},
		"node_modules/follow-redirects": {
			"version": "1.14.6",
			"resolved": "https://registry.npmjs.org/follow-redirects/-/follow-redirects-1.14.6.tgz",
			"integrity": "sha512-fhUl5EwSJbbl8AR+uYL2KQDxLkdSjZGR36xy46AO7cOMTrCMON6Sa28FmAnC2tRTDbd/Uuzz3aJBv7EBN7JH8A==",
			"funding": [
				{
					"type": "individual",
					"url": "https://github.com/sponsors/RubenVerborgh"
				}
			],
			"engines": {
				"node": ">=4.0"
			},
			"peerDependenciesMeta": {
				"debug": {
					"optional": true
				}
			}
		},
		"node_modules/http-response-object": {
			"version": "3.0.2",
			"resolved": "https://rg.cnpmjs.org/http-response-object/download/http-response-object-3.0.2.tgz",
			"integrity": "sha1-f0NbshBFTkNg0HTvH5idXqiqmBA=",
			"dependencies": {
				"@types/node": "^10.0.3"
			}
		},
		"node_modules/https-proxy-agent": {
			"version": "5.0.0",
			"resolved": "https://rg.cnpmjs.org/https-proxy-agent/download/https-proxy-agent-5.0.0.tgz",
			"integrity": "sha1-4qkFQqu2inYuCghQ9sntrf2FBrI=",
			"dependencies": {
				"agent-base": "6",
				"debug": "4"
			},
			"engines": {
				"node": ">= 6"
			}
		},
		"node_modules/inherits": {
			"version": "2.0.4",
			"resolved": "https://rg.cnpmjs.org/inherits/download/inherits-2.0.4.tgz",
			"integrity": "sha1-D6LGT5MpF8NDOg3tVTY6rjdBa3w="
		},
		"node_modules/isarray": {
			"version": "1.0.0",
			"resolved": "https://rg.cnpmjs.org/isarray/download/isarray-1.0.0.tgz",
			"integrity": "sha1-u5NdSFgsuhaMBoNJV6VKPgcSTxE="
		},
		"node_modules/lodash.clonedeep": {
			"version": "4.5.0",
			"resolved": "https://registry.npmjs.org/lodash.clonedeep/-/lodash.clonedeep-4.5.0.tgz",
			"integrity": "sha1-4j8/nE+Pvd6HJSnBBxhXoIblzO8="
		},
		"node_modules/m3u8stream": {
			"version": "0.8.4",
			"resolved": "https://registry.npmjs.org/m3u8stream/-/m3u8stream-0.8.4.tgz",
			"integrity": "sha512-sco80Db+30RvcaIOndenX6E6oQNgTiBKeJbFPc+yDXwPQIkryfboEbCvXPlBRq3mQTCVPQO93TDVlfRwqpD35w==",
			"dependencies": {
				"miniget": "^4.0.0",
				"sax": "^1.2.4"
			},
			"engines": {
				"node": ">=10"
			}
		},
		"node_modules/miniget": {
			"version": "4.2.1",
			"resolved": "https://registry.npmjs.org/miniget/-/miniget-4.2.1.tgz",
			"integrity": "sha512-O/DduzDR6f+oDtVype9S/Qu5hhnx73EDYGyZKwU/qN82lehFZdfhoa4DT51SpsO+8epYrB3gcRmws56ROfTIoQ==",
			"engines": {
				"node": ">=10"
			}
		},
		"node_modules/ms": {
			"version": "2.1.2",
			"resolved": "https://rg.cnpmjs.org/ms/download/ms-2.1.2.tgz",
			"integrity": "sha1-0J0fNXtEP0kzgqjrPM0YOHKuYAk="
		},
		"node_modules/multiformats": {
			"version": "9.5.4",
			"resolved": "https://registry.npmjs.org/multiformats/-/multiformats-9.5.4.tgz",
			"integrity": "sha512-MFT8e8BOLX7OZKfSBGm13FwYvJVI6MEcZ7hujUCpyJwvYyrC1anul50A0Ee74GdeJ77aYTO6YU1vO+oF8NqSIw=="
		},
		"node_modules/parse-cache-control": {
			"version": "1.0.1",
			"resolved": "https://rg.cnpmjs.org/parse-cache-control/download/parse-cache-control-1.0.1.tgz",
			"integrity": "sha1-juqz5U+laSD+Fro493+iGqzC104="
		},
		"node_modules/process-nextick-args": {
			"version": "2.0.1",
			"resolved": "https://rg.cnpmjs.org/process-nextick-args/download/process-nextick-args-2.0.1.tgz",
			"integrity": "sha1-eCDZsWEgzFXKmud5JoCufbptf+I="
		},
		"node_modules/progress": {
			"version": "2.0.3",
			"resolved": "https://rg.cnpmjs.org/progress/download/progress-2.0.3.tgz",
			"integrity": "sha1-foz42PW48jnBvGi+tOt4Vn1XLvg=",
			"engines": {
				"node": ">=0.4.0"
			}
		},
		"node_modules/protocol-buffers-schema": {
			"version": "3.6.0",
			"resolved": "https://registry.npmjs.org/protocol-buffers-schema/-/protocol-buffers-schema-3.6.0.tgz",
			"integrity": "sha512-TdDRD+/QNdrCGCE7v8340QyuXd4kIWIgapsE2+n/SaGiSSbomYl4TjHlvIoCWRpE7wFt02EpB35VVA2ImcBVqw=="
		},
		"node_modules/protons": {
			"version": "2.0.3",
			"resolved": "https://registry.npmjs.org/protons/-/protons-2.0.3.tgz",
			"integrity": "sha512-j6JikP/H7gNybNinZhAHMN07Vjr1i4lVupg598l4I9gSTjJqOvKnwjzYX2PzvBTSVf2eZ2nWv4vG+mtW8L6tpA==",
			"dependencies": {
				"protocol-buffers-schema": "^3.3.1",
				"signed-varint": "^2.0.1",
				"uint8arrays": "^3.0.0",
				"varint": "^5.0.0"
			}
		},
		"node_modules/range-parser": {
			"version": "1.2.1",
			"resolved": "https://registry.npmjs.org/range-parser/-/range-parser-1.2.1.tgz",
			"integrity": "sha512-Hrgsx+orqoygnmhFbKaHE6c296J+HTAQXoxEF6gNupROmmGJRoyzfG3ccAveqCBrwr/2yxQ5BVd/GTl5agOwSg==",
			"engines": {
				"node": ">= 0.6"
			}
		},
		"node_modules/readable-stream": {
			"version": "2.3.7",
			"resolved": "https://rg.cnpmjs.org/readable-stream/download/readable-stream-2.3.7.tgz",
			"integrity": "sha1-Hsoc9xGu+BTAT2IlKjamL2yyO1c=",
			"dependencies": {
				"core-util-is": "~1.0.0",
				"inherits": "~2.0.3",
				"isarray": "~1.0.0",
				"process-nextick-args": "~2.0.0",
				"safe-buffer": "~5.1.1",
				"string_decoder": "~1.1.1",
				"util-deprecate": "~1.0.1"
			}
		},
		"node_modules/safe-buffer": {
			"version": "5.1.2",
			"resolved": "https://rg.cnpmjs.org/safe-buffer/download/safe-buffer-5.1.2.tgz",
			"integrity": "sha1-mR7GnSluAxN0fVm9/St0XDX4go0="
		},
		"node_modules/sanitize-filename": {
			"version": "1.6.3",
			"resolved": "https://rg.cnpmjs.org/sanitize-filename/download/sanitize-filename-1.6.3.tgz",
			"integrity": "sha1-dV69dSBFkxl34wsgJdNA18kJA3g=",
			"dependencies": {
				"truncate-utf8-bytes": "^1.0.0"
			}
		},
		"node_modules/sax": {
			"version": "1.2.4",
			"resolved": "https://registry.npmjs.org/sax/-/sax-1.2.4.tgz",
			"integrity": "sha512-NqVDv9TpANUjFm0N8uM5GxL36UgKi9/atZw+x7YFnQ8ckwFGKrl4xX4yWtrey3UJm5nP1kUbnYgLopqWNSRhWw=="
		},
		"node_modules/signed-varint": {
			"version": "2.0.1",
			"resolved": "https://registry.npmjs.org/signed-varint/-/signed-varint-2.0.1.tgz",
			"integrity": "sha1-UKmYnafJjCxh2tEZvJdHDvhSgSk=",
			"dependencies": {
				"varint": "~5.0.0"
			}
		},
		"node_modules/string_decoder": {
			"version": "1.1.1",
			"resolved": "https://rg.cnpmjs.org/string_decoder/download/string_decoder-1.1.1.tgz",
			"integrity": "sha1-nPFhG6YmhdcDCunkujQUnDrwP8g=",
			"dependencies": {
				"safe-buffer": "~5.1.0"
			}
		},
		"node_modules/time-to-seconds": {
			"version": "1.1.5",
			"resolved": "https://registry.npmjs.org/time-to-seconds/-/time-to-seconds-1.1.5.tgz",
			"integrity": "sha512-mpzJDHGF4VdhiahyusCUSy+BWJdN3q8Cluzfy0n7GMU9IIj+HJDX9bbbr7wVSUiqmRn1vqhhfECgdfj+SByu2A==",
			"engines": {
				"node": ">=15.0.1",
				"vscode": "^1.22.0"
			}
		},
		"node_modules/truncate-utf8-bytes": {
			"version": "1.0.2",
			"resolved": "https://rg.cnpmjs.org/truncate-utf8-bytes/download/truncate-utf8-bytes-1.0.2.tgz",
			"integrity": "sha1-QFkjkJWS1W94pYGENLC3hInKXys=",
			"dependencies": {
				"utf8-byte-length": "^1.0.1"
			}
		},
		"node_modules/typedarray": {
			"version": "0.0.6",
			"resolved": "https://rg.cnpmjs.org/typedarray/download/typedarray-0.0.6.tgz",
			"integrity": "sha1-hnrHTjhkGHsdPUfZlqeOxciDB3c="
		},
		"node_modules/uint8arrays": {
			"version": "3.0.0",
			"resolved": "https://registry.npmjs.org/uint8arrays/-/uint8arrays-3.0.0.tgz",
			"integrity": "sha512-HRCx0q6O9Bfbp+HHSfQQKD7wU70+lydKVt4EghkdOvlK/NlrF90z+eXV34mUd48rNvVJXwkrMSPpCATkct8fJA==",
			"dependencies": {
				"multiformats": "^9.4.2"
			}
		},
		"node_modules/underscore": {
			"version": "1.13.1",
			"resolved": "https://registry.npmjs.org/underscore/-/underscore-1.13.1.tgz",
			"integrity": "sha512-hzSoAVtJF+3ZtiFX0VgfFPHEDRm7Y/QPjGyNo4TVdnDTdft3tr8hEkD25a1jC+TjTuE7tkHGKkhwCgs9dgBB2g=="
		},
		"node_modules/underscore-keypath": {
			"version": "0.0.22",
			"resolved": "https://registry.npmjs.org/underscore-keypath/-/underscore-keypath-0.0.22.tgz",
			"integrity": "sha1-SKUoOSu278QkvhyqVtpLX6zPJk0=",
			"dependencies": {
				"underscore": "*"
			}
		},
		"node_modules/user-agents": {
			"version": "1.0.863",
			"resolved": "https://registry.npmjs.org/user-agents/-/user-agents-1.0.863.tgz",
			"integrity": "sha512-0JtWEZcicEJ2dXbQqA+3Gscrs9MSwhr/eR0GZ1IHacwJUaLQlKRN3AsMB/w113l9zhIZeDYtL1XG+uGvd4LdFg==",
			"dependencies": {
				"dot-json": "^1.2.2",
				"lodash.clonedeep": "^4.5.0"
			}
		},
		"node_modules/utf8-byte-length": {
			"version": "1.0.4",
			"resolved": "https://rg.cnpmjs.org/utf8-byte-length/download/utf8-byte-length-1.0.4.tgz",
			"integrity": "sha1-9F8VDExm7uloGGUFq5P8u4rWv2E="
		},
		"node_modules/util-deprecate": {
			"version": "1.0.2",
			"resolved": "https://rg.cnpmjs.org/util-deprecate/download/util-deprecate-1.0.2.tgz",
			"integrity": "sha1-RQ1Nyfpw3nMnYvvS1KKJgUGaDM8="
		},
		"node_modules/uuid": {
			"version": "8.3.2",
			"resolved": "https://registry.npmjs.org/uuid/-/uuid-8.3.2.tgz",
			"integrity": "sha512-+NYs2QeMWy+GWFOEm9xnn6HCDp0l7QBD7ml8zLUmJ+93Q5NF0NocErnwkTkXVFNiX3/fpC6afS8Dhb/gz7R7eg==",
			"bin": {
				"uuid": "dist/bin/uuid"
			}
		},
		"node_modules/varint": {
			"version": "5.0.2",
			"resolved": "https://registry.npmjs.org/varint/-/varint-5.0.2.tgz",
			"integrity": "sha512-lKxKYG6H03yCZUpAGOPOsMcGxd1RHCu1iKvEHYDPmTyq2HueGhD73ssNBqqQWfvYs04G9iUFRvmAVLW20Jw6ow=="
		},
		"node_modules/vm2": {
			"version": "3.9.5",
			"resolved": "https://rg.cnpmjs.org/vm2/download/vm2-3.9.5.tgz",
			"integrity": "sha1-UogESGC0u6zkQxAfzTvdsqCqJJY=",
			"license": "MIT",
			"bin": {
				"vm2": "bin/vm2"
			},
			"engines": {
				"node": ">=6.0"
			}
		},
		"node_modules/youtubei.js": {
			"version": "1.2.7",
			"resolved": "https://registry.npmjs.org/youtubei.js/-/youtubei.js-1.2.7.tgz",
			"integrity": "sha512-b1bW6EmOFZsou3IYLHLhVODg9jrqAwWZweDBvH4E3Ex+EBaPkoYKNgGt8ZlznQgeE8wDAjElZfXtmtseYub3zA==",
			"dependencies": {
				"axios": "^0.21.4",
				"protons": "^2.0.3",
				"time-to-seconds": "^1.1.5",
				"user-agents": "^1.0.778",
				"uuid": "^8.3.2"
			}
		},
		"node_modules/ytcog": {
			"version": "2.1.2",
			"resolved": "https://rg.cnpmjs.org/ytcog/download/ytcog-2.1.2.tgz",
			"integrity": "sha1-s1sOIQLVCJE0TykCYHOTHSBT6/M=",
			"license": "MIT",
			"dependencies": {
				"ffmpeg-static": "^4.2.7",
				"miniget": "^4.2.0",
				"sanitize-filename": "^1.6.3",
				"vm2": "^3.9.5"
			}
		},
		"node_modules/ytdl-core": {
			"version": "4.9.1",
			"resolved": "https://registry.npmjs.org/ytdl-core/-/ytdl-core-4.9.1.tgz",
			"integrity": "sha512-6Jbp5RDhUEozlaJQAR+l8oV8AHsx3WUXxSyPxzE6wOIAaLql7Hjiy0ZM58wZoyj1YEenlEPjEqcJIjKYKxvHtQ==",
			"dependencies": {
				"m3u8stream": "^0.8.3",
				"miniget": "^4.0.0",
				"sax": "^1.1.3"
			},
			"engines": {
				"node": ">=10"
			}
		}
	},
	"dependencies": {
		"@derhuerst/http-basic": {
			"version": "8.2.1",
			"resolved": "https://rg.cnpmjs.org/@derhuerst/http-basic/download/@derhuerst/http-basic-8.2.1.tgz",
			"integrity": "sha1-EeOWTPHy+0CAb5oP/wxFG7dSYJM=",
			"requires": {
				"caseless": "^0.12.0",
				"concat-stream": "^1.6.2",
				"http-response-object": "^3.0.1",
				"parse-cache-control": "^1.0.1"
			}
		},
		"@types/node": {
			"version": "10.17.60",
			"resolved": "https://rg.cnpmjs.org/@types/node/download/@types/node-10.17.60.tgz",
			"integrity": "sha1-NfPWIT2u2V2n8Pc+dbzGmA6QWXs="
		},
		"agent-base": {
			"version": "6.0.2",
			"resolved": "https://rg.cnpmjs.org/agent-base/download/agent-base-6.0.2.tgz",
			"integrity": "sha1-Sf/1hXfP7j83F2/qtMIuAPhtf3c=",
			"requires": {
				"debug": "4"
			}
		},
		"axios": {
			"version": "0.21.4",
			"resolved": "https://registry.npmjs.org/axios/-/axios-0.21.4.tgz",
			"integrity": "sha512-ut5vewkiu8jjGBdqpM44XxjuCjq9LAKeHVmoVfHVzy8eHgxxq8SbAVQNovDA8mVi05kP0Ea/n/UzcSHcTJQfNg==",
			"requires": {
				"follow-redirects": "^1.14.0"
			}
		},
		"buffer-from": {
			"version": "1.1.2",
			"resolved": "https://rg.cnpmjs.org/buffer-from/download/buffer-from-1.1.2.tgz",
			"integrity": "sha1-KxRqb9cugLT1XSVfNe1Zo6mkG9U="
		},
		"caseless": {
			"version": "0.12.0",
			"resolved": "https://rg.cnpmjs.org/caseless/download/caseless-0.12.0.tgz",
			"integrity": "sha1-G2gcIf+EAzyCZUMJBolCDRhxUdw="
		},
		"concat-stream": {
			"version": "1.6.2",
			"resolved": "https://rg.cnpmjs.org/concat-stream/download/concat-stream-1.6.2.tgz",
			"integrity": "sha1-kEvfGUzTEi/Gdcd/xKw9T/D9GjQ=",
			"requires": {
				"buffer-from": "^1.0.0",
				"inherits": "^2.0.3",
				"readable-stream": "^2.2.2",
				"typedarray": "^0.0.6"
			}
		},
		"core-util-is": {
			"version": "1.0.3",
			"resolved": "https://rg.cnpmjs.org/core-util-is/download/core-util-is-1.0.3.tgz",
			"integrity": "sha1-pgQtNjTCsn6TKPg3uWX6yDgI24U="
		},
		"debug": {
			"version": "4.3.3",
			"resolved": "https://rg.cnpmjs.org/debug/download/debug-4.3.3.tgz",
			"integrity": "sha512-/zxw5+vh1Tfv+4Qn7a5nsbcJKPaSvCDhojn6FEl9vupwK2VCSDtEiEtqr8DFtzYFOdz63LBkxec7DYuc2jon6Q==",
			"requires": {
				"ms": "2.1.2"
			}
		},
		"detect-indent": {
			"version": "6.0.0",
			"resolved": "https://registry.npmjs.org/detect-indent/-/detect-indent-6.0.0.tgz",
			"integrity": "sha512-oSyFlqaTHCItVRGK5RmrmjB+CmaMOW7IaNA/kdxqhoa6d17j/5ce9O9eWXmV/KEdRwqpQA+Vqe8a8Bsybu4YnA=="
		},
		"docopt": {
			"version": "0.6.2",
			"resolved": "https://registry.npmjs.org/docopt/-/docopt-0.6.2.tgz",
			"integrity": "sha1-so6eIiDaXsSffqW7JKR3h0Be6xE="
		},
		"dot-json": {
			"version": "1.2.2",
			"resolved": "https://registry.npmjs.org/dot-json/-/dot-json-1.2.2.tgz",
			"integrity": "sha512-AKL+GsO4wSEU4LU+fAk/PqN4nQ6PB1vT3HpMiZous9xCzK5S0kh4DzfUY0EfU67jsIXLlu0ty71659N9Nmg+Tw==",
			"requires": {
				"detect-indent": "~6.0.0",
				"docopt": "~0.6.2",
				"underscore-keypath": "~0.0.22"
			}
		},
		"env-paths": {
			"version": "2.2.1",
			"resolved": "https://rg.cnpmjs.org/env-paths/download/env-paths-2.2.1.tgz",
			"integrity": "sha1-QgOZ1BbOH76bwKB8Yvpo1n/Q+PI="
		},
		"ffmpeg-static": {
			"version": "4.4.0",
			"resolved": "https://rg.cnpmjs.org/ffmpeg-static/download/ffmpeg-static-4.4.0.tgz",
			"integrity": "sha1-VvH7/12/0z42jOMJMzyMEv/a+3c=",
			"requires": {
				"@derhuerst/http-basic": "^8.2.0",
				"env-paths": "^2.2.0",
				"https-proxy-agent": "^5.0.0",
				"progress": "^2.0.3"
			}
		},
		"follow-redirects": {
			"version": "1.14.6",
			"resolved": "https://registry.npmjs.org/follow-redirects/-/follow-redirects-1.14.6.tgz",
			"integrity": "sha512-fhUl5EwSJbbl8AR+uYL2KQDxLkdSjZGR36xy46AO7cOMTrCMON6Sa28FmAnC2tRTDbd/Uuzz3aJBv7EBN7JH8A=="
		},
		"http-response-object": {
			"version": "3.0.2",
			"resolved": "https://rg.cnpmjs.org/http-response-object/download/http-response-object-3.0.2.tgz",
			"integrity": "sha1-f0NbshBFTkNg0HTvH5idXqiqmBA=",
			"requires": {
				"@types/node": "^10.0.3"
			}
		},
		"https-proxy-agent": {
			"version": "5.0.0",
			"resolved": "https://rg.cnpmjs.org/https-proxy-agent/download/https-proxy-agent-5.0.0.tgz",
			"integrity": "sha1-4qkFQqu2inYuCghQ9sntrf2FBrI=",
			"requires": {
				"agent-base": "6",
				"debug": "4"
			}
		},
		"inherits": {
			"version": "2.0.4",
			"resolved": "https://rg.cnpmjs.org/inherits/download/inherits-2.0.4.tgz",
			"integrity": "sha1-D6LGT5MpF8NDOg3tVTY6rjdBa3w="
		},
		"isarray": {
			"version": "1.0.0",
			"resolved": "https://rg.cnpmjs.org/isarray/download/isarray-1.0.0.tgz",
			"integrity": "sha1-u5NdSFgsuhaMBoNJV6VKPgcSTxE="
		},
		"lodash.clonedeep": {
			"version": "4.5.0",
			"resolved": "https://registry.npmjs.org/lodash.clonedeep/-/lodash.clonedeep-4.5.0.tgz",
			"integrity": "sha1-4j8/nE+Pvd6HJSnBBxhXoIblzO8="
		},
		"m3u8stream": {
			"version": "0.8.4",
			"resolved": "https://registry.npmjs.org/m3u8stream/-/m3u8stream-0.8.4.tgz",
			"integrity": "sha512-sco80Db+30RvcaIOndenX6E6oQNgTiBKeJbFPc+yDXwPQIkryfboEbCvXPlBRq3mQTCVPQO93TDVlfRwqpD35w==",
			"requires": {
				"miniget": "^4.0.0",
				"sax": "^1.2.4"
			}
		},
		"miniget": {
			"version": "4.2.1",
			"resolved": "https://registry.npmjs.org/miniget/-/miniget-4.2.1.tgz",
			"integrity": "sha512-O/DduzDR6f+oDtVype9S/Qu5hhnx73EDYGyZKwU/qN82lehFZdfhoa4DT51SpsO+8epYrB3gcRmws56ROfTIoQ=="
		},
		"ms": {
			"version": "2.1.2",
			"resolved": "https://rg.cnpmjs.org/ms/download/ms-2.1.2.tgz",
			"integrity": "sha1-0J0fNXtEP0kzgqjrPM0YOHKuYAk="
		},
		"multiformats": {
			"version": "9.5.4",
			"resolved": "https://registry.npmjs.org/multiformats/-/multiformats-9.5.4.tgz",
			"integrity": "sha512-MFT8e8BOLX7OZKfSBGm13FwYvJVI6MEcZ7hujUCpyJwvYyrC1anul50A0Ee74GdeJ77aYTO6YU1vO+oF8NqSIw=="
		},
		"parse-cache-control": {
			"version": "1.0.1",
			"resolved": "https://rg.cnpmjs.org/parse-cache-control/download/parse-cache-control-1.0.1.tgz",
			"integrity": "sha1-juqz5U+laSD+Fro493+iGqzC104="
		},
		"process-nextick-args": {
			"version": "2.0.1",
			"resolved": "https://rg.cnpmjs.org/process-nextick-args/download/process-nextick-args-2.0.1.tgz",
			"integrity": "sha1-eCDZsWEgzFXKmud5JoCufbptf+I="
		},
		"progress": {
			"version": "2.0.3",
			"resolved": "https://rg.cnpmjs.org/progress/download/progress-2.0.3.tgz",
			"integrity": "sha1-foz42PW48jnBvGi+tOt4Vn1XLvg="
		},
		"protocol-buffers-schema": {
			"version": "3.6.0",
			"resolved": "https://registry.npmjs.org/protocol-buffers-schema/-/protocol-buffers-schema-3.6.0.tgz",
			"integrity": "sha512-TdDRD+/QNdrCGCE7v8340QyuXd4kIWIgapsE2+n/SaGiSSbomYl4TjHlvIoCWRpE7wFt02EpB35VVA2ImcBVqw=="
		},
		"protons": {
			"version": "2.0.3",
			"resolved": "https://registry.npmjs.org/protons/-/protons-2.0.3.tgz",
			"integrity": "sha512-j6JikP/H7gNybNinZhAHMN07Vjr1i4lVupg598l4I9gSTjJqOvKnwjzYX2PzvBTSVf2eZ2nWv4vG+mtW8L6tpA==",
			"requires": {
				"protocol-buffers-schema": "^3.3.1",
				"signed-varint": "^2.0.1",
				"uint8arrays": "^3.0.0",
				"varint": "^5.0.0"
			}
		},
		"range-parser": {
			"version": "1.2.1",
			"resolved": "https://registry.npmjs.org/range-parser/-/range-parser-1.2.1.tgz",
			"integrity": "sha512-Hrgsx+orqoygnmhFbKaHE6c296J+HTAQXoxEF6gNupROmmGJRoyzfG3ccAveqCBrwr/2yxQ5BVd/GTl5agOwSg=="
		},
		"readable-stream": {
			"version": "2.3.7",
			"resolved": "https://rg.cnpmjs.org/readable-stream/download/readable-stream-2.3.7.tgz",
			"integrity": "sha1-Hsoc9xGu+BTAT2IlKjamL2yyO1c=",
			"requires": {
				"core-util-is": "~1.0.0",
				"inherits": "~2.0.3",
				"isarray": "~1.0.0",
				"process-nextick-args": "~2.0.0",
				"safe-buffer": "~5.1.1",
				"string_decoder": "~1.1.1",
				"util-deprecate": "~1.0.1"
			}
		},
		"safe-buffer": {
			"version": "5.1.2",
			"resolved": "https://rg.cnpmjs.org/safe-buffer/download/safe-buffer-5.1.2.tgz",
			"integrity": "sha1-mR7GnSluAxN0fVm9/St0XDX4go0="
		},
		"sanitize-filename": {
			"version": "1.6.3",
			"resolved": "https://rg.cnpmjs.org/sanitize-filename/download/sanitize-filename-1.6.3.tgz",
			"integrity": "sha1-dV69dSBFkxl34wsgJdNA18kJA3g=",
			"requires": {
				"truncate-utf8-bytes": "^1.0.0"
			}
		},
		"sax": {
			"version": "1.2.4",
			"resolved": "https://registry.npmjs.org/sax/-/sax-1.2.4.tgz",
			"integrity": "sha512-NqVDv9TpANUjFm0N8uM5GxL36UgKi9/atZw+x7YFnQ8ckwFGKrl4xX4yWtrey3UJm5nP1kUbnYgLopqWNSRhWw=="
		},
		"signed-varint": {
			"version": "2.0.1",
			"resolved": "https://registry.npmjs.org/signed-varint/-/signed-varint-2.0.1.tgz",
			"integrity": "sha1-UKmYnafJjCxh2tEZvJdHDvhSgSk=",
			"requires": {
				"varint": "~5.0.0"
			}
		},
		"string_decoder": {
			"version": "1.1.1",
			"resolved": "https://rg.cnpmjs.org/string_decoder/download/string_decoder-1.1.1.tgz",
			"integrity": "sha1-nPFhG6YmhdcDCunkujQUnDrwP8g=",
			"requires": {
				"safe-buffer": "~5.1.0"
			}
		},
		"time-to-seconds": {
			"version": "1.1.5",
			"resolved": "https://registry.npmjs.org/time-to-seconds/-/time-to-seconds-1.1.5.tgz",
			"integrity": "sha512-mpzJDHGF4VdhiahyusCUSy+BWJdN3q8Cluzfy0n7GMU9IIj+HJDX9bbbr7wVSUiqmRn1vqhhfECgdfj+SByu2A=="
		},
		"truncate-utf8-bytes": {
			"version": "1.0.2",
			"resolved": "https://rg.cnpmjs.org/truncate-utf8-bytes/download/truncate-utf8-bytes-1.0.2.tgz",
			"integrity": "sha1-QFkjkJWS1W94pYGENLC3hInKXys=",
			"requires": {
				"utf8-byte-length": "^1.0.1"
			}
		},
		"typedarray": {
			"version": "0.0.6",
			"resolved": "https://rg.cnpmjs.org/typedarray/download/typedarray-0.0.6.tgz",
			"integrity": "sha1-hnrHTjhkGHsdPUfZlqeOxciDB3c="
		},
		"uint8arrays": {
			"version": "3.0.0",
			"resolved": "https://registry.npmjs.org/uint8arrays/-/uint8arrays-3.0.0.tgz",
			"integrity": "sha512-HRCx0q6O9Bfbp+HHSfQQKD7wU70+lydKVt4EghkdOvlK/NlrF90z+eXV34mUd48rNvVJXwkrMSPpCATkct8fJA==",
			"requires": {
				"multiformats": "^9.4.2"
			}
		},
		"underscore": {
			"version": "1.13.1",
			"resolved": "https://registry.npmjs.org/underscore/-/underscore-1.13.1.tgz",
			"integrity": "sha512-hzSoAVtJF+3ZtiFX0VgfFPHEDRm7Y/QPjGyNo4TVdnDTdft3tr8hEkD25a1jC+TjTuE7tkHGKkhwCgs9dgBB2g=="
		},
		"underscore-keypath": {
			"version": "0.0.22",
			"resolved": "https://registry.npmjs.org/underscore-keypath/-/underscore-keypath-0.0.22.tgz",
			"integrity": "sha1-SKUoOSu278QkvhyqVtpLX6zPJk0=",
			"requires": {
				"underscore": "*"
			}
		},
		"user-agents": {
			"version": "1.0.863",
			"resolved": "https://registry.npmjs.org/user-agents/-/user-agents-1.0.863.tgz",
			"integrity": "sha512-0JtWEZcicEJ2dXbQqA+3Gscrs9MSwhr/eR0GZ1IHacwJUaLQlKRN3AsMB/w113l9zhIZeDYtL1XG+uGvd4LdFg==",
			"requires": {
				"dot-json": "^1.2.2",
				"lodash.clonedeep": "^4.5.0"
			}
		},
		"utf8-byte-length": {
			"version": "1.0.4",
			"resolved": "https://rg.cnpmjs.org/utf8-byte-length/download/utf8-byte-length-1.0.4.tgz",
			"integrity": "sha1-9F8VDExm7uloGGUFq5P8u4rWv2E="
		},
		"util-deprecate": {
			"version": "1.0.2",
			"resolved": "https://rg.cnpmjs.org/util-deprecate/download/util-deprecate-1.0.2.tgz",
			"integrity": "sha1-RQ1Nyfpw3nMnYvvS1KKJgUGaDM8="
		},
		"uuid": {
			"version": "8.3.2",
			"resolved": "https://registry.npmjs.org/uuid/-/uuid-8.3.2.tgz",
			"integrity": "sha512-+NYs2QeMWy+GWFOEm9xnn6HCDp0l7QBD7ml8zLUmJ+93Q5NF0NocErnwkTkXVFNiX3/fpC6afS8Dhb/gz7R7eg=="
		},
		"varint": {
			"version": "5.0.2",
			"resolved": "https://registry.npmjs.org/varint/-/varint-5.0.2.tgz",
			"integrity": "sha512-lKxKYG6H03yCZUpAGOPOsMcGxd1RHCu1iKvEHYDPmTyq2HueGhD73ssNBqqQWfvYs04G9iUFRvmAVLW20Jw6ow=="
		},
		"vm2": {
			"version": "3.9.5",
			"resolved": "https://rg.cnpmjs.org/vm2/download/vm2-3.9.5.tgz",
			"integrity": "sha1-UogESGC0u6zkQxAfzTvdsqCqJJY="
		},
		"youtubei.js": {
			"version": "1.2.7",
			"resolved": "https://registry.npmjs.org/youtubei.js/-/youtubei.js-1.2.7.tgz",
			"integrity": "sha512-b1bW6EmOFZsou3IYLHLhVODg9jrqAwWZweDBvH4E3Ex+EBaPkoYKNgGt8ZlznQgeE8wDAjElZfXtmtseYub3zA==",
			"requires": {
				"axios": "^0.21.4",
				"protons": "^2.0.3",
				"time-to-seconds": "^1.1.5",
				"user-agents": "^1.0.778",
				"uuid": "^8.3.2"
			}
		},
		"ytcog": {
			"version": "2.1.2",
			"resolved": "https://rg.cnpmjs.org/ytcog/download/ytcog-2.1.2.tgz",
			"integrity": "sha1-s1sOIQLVCJE0TykCYHOTHSBT6/M=",
			"requires": {
				"ffmpeg-static": "^4.2.7",
				"miniget": "^4.2.0",
				"sanitize-filename": "^1.6.3",
				"vm2": "^3.9.5"
			}
		},
		"ytdl-core": {
			"version": "4.9.1",
			"resolved": "https://registry.npmjs.org/ytdl-core/-/ytdl-core-4.9.1.tgz",
			"integrity": "sha512-6Jbp5RDhUEozlaJQAR+l8oV8AHsx3WUXxSyPxzE6wOIAaLql7Hjiy0ZM58wZoyj1YEenlEPjEqcJIjKYKxvHtQ==",
			"requires": {
				"m3u8stream": "^0.8.3",
				"miniget": "^4.0.0",
				"sax": "^1.1.3"
			}
		}
	}
}
